{
  "originHash" : "d258d4acf59fea625d105afe759599c4f88b375d587f36f9421b7c539ef4cb14",
  "pins" : [
    {
      "identity" : "ffmpeg-kit-spm",
      "kind" : "remoteSourceControl",
      "location" : "https://github.com/tylerjonesio/ffmpeg-kit-spm",
      "state" : {
        "branch" : "main",
        "revision" : "6053b0e4f8607314ff5e14e0b18fc250c0f87c9b"
      }
    },
    {
      "identity" : "injectionnext",
      "kind" : "remoteSourceControl",
      "location" : "https://github.com/johnno1962/InjectionNext.git",
      "state" : {
        "revision" : "a24d3d1451d1d2efd753474a3885c8a1df741a84",
        "version" : "1.5.3"
      }
    },
    {
      "identity" : "ituneskit",
      "kind" : "remoteSourceControl",
      "location" : "https://github.com/cisumapp/ituneskit.git",
      "state" : {
        "branch" : "main",
        "revision" : "27df9b1798d18e248b5aa6e9dcaa5d94cbc3df23"
      }
    },
    {
      "identity" : "kingfisher",
      "kind" : "remoteSourceControl",
      "location" : "https://github.com/onevcat/Kingfisher.git",
      "state" : {
        "revision" : "c92b84898e34ab46ff0dad86c02a0acbe2d87008",
        "version" : "8.8.0"
      }
    },
    {
      "identity" : "lyricskit",
      "kind" : "remoteSourceControl",
      "location" : "https://github.com/cisumapp/LyricsKit.git",
      "state" : {
        "branch" : "main",
        "revision" : "6613374410cafb7728171a91c241bc0b684f4c9d"
      }
    },
    {
      "identity" : "spotifysdk",
      "kind" : "remoteSourceControl",
      "location" : "https://github.com/cisumapp/SpotifySDK.git",
      "state" : {
        "branch" : "main",
        "revision" : "da0ed264c6d5283306efa17e161d2b4ed60af2c1"
      }
    },
    {
      "identity" : "tidalkit",
      "kind" : "remoteSourceControl",
      "location" : "https://github.com/cisumapp/TidalKit.git",
      "state" : {
        "branch" : "main",
        "revision" : "047ae8dd56eca0517c3597f196d6803ef1fda64d"
      }
    },
    {
      "identity" : "youtubesdk",
      "kind" : "remoteSourceControl",
      "location" : "https://github.com/cisumapp/YouTubeSDK.git",
      "state" : {
        "branch" : "main",
        "revision" : "3e6616b823a1c14388ddf49bd7fd294ae6624c61"
      }
    }
  ],
  "version" : 3
}
