{
  "originHash" : "6e0d94fca5cb6c57ad7b486aca7a5c744c5d48d023d6a4a058899198a62dd6d4",
  "pins" : [
    {
      "identity" : "ffmpeg-kit-spm",
      "kind" : "remoteSourceControl",
      "location" : "https://github.com/tylerjonesio/ffmpeg-kit-spm",
      "state" : {
        "branch" : "main",
        "revision" : "6053b0e4f8607314ff5e14e0b18fc250c0f87c9b"
      }
    },
    {
      "identity" : "injectionnext",
      "kind" : "remoteSourceControl",
      "location" : "https://github.com/johnno1962/InjectionNext.git",
      "state" : {
        "revision" : "a24d3d1451d1d2efd753474a3885c8a1df741a84",
        "version" : "1.5.3"
      }
    },
    {
      "identity" : "ituneskit",
      "kind" : "remoteSourceControl",
      "location" : "https://gitlab.com/atpugvaraa/ituneskit.git",
      "state" : {
        "branch" : "main",
        "revision" : "27df9b1798d18e248b5aa6e9dcaa5d94cbc3df23"
      }
    },
    {
      "identity" : "kingfisher",
      "kind" : "remoteSourceControl",
      "location" : "https://github.com/onevcat/Kingfisher.git",
      "state" : {
        "revision" : "c92b84898e34ab46ff0dad86c02a0acbe2d87008",
        "version" : "8.8.0"
      }
    },
    {
      "identity" : "lyricskit",
      "kind" : "remoteSourceControl",
      "location" : "https://github.com/cisumapp/LyricsKit.git",
      "state" : {
        "branch" : "main",
        "revision" : "6613374410cafb7728171a91c241bc0b684f4c9d"
      }
    },
    {
      "identity" : "spotifysdk",
      "kind" : "remoteSourceControl",
      "location" : "https://github.com/cisumapp/SpotifySDK.git",
      "state" : {
        "branch" : "main",
        "revision" : "da0ed264c6d5283306efa17e161d2b4ed60af2c1"
      }
    },
    {
      "identity" : "tidalkit",
      "kind" : "remoteSourceControl",
      "location" : "https://github.com/cisumapp/TidalKit.git",
      "state" : {
        "branch" : "main",
        "revision" : "047ae8dd56eca0517c3597f196d6803ef1fda64d"
      }
    },
    {
      "identity" : "youtubesdk",
      "kind" : "remoteSourceControl",
      "location" : "https://github.com/atpugvaraa/YouTubeSDK.git",
      "state" : {
        "branch" : "main",
        "revision" : "1656a1cd65ca54c7bafd84cdebadd12f12dd5d5e"
      }
    }
  ],
  "version" : 3
}
