{
  "originHash" : "9b2aa2ee895975ca35ae1c80ec3c3bd9685a173f651cda8f186d85b669ea7577",
  "pins" : [
    {
      "identity" : "ffmpeg-kit-spm",
      "kind" : "remoteSourceControl",
      "location" : "https://github.com/tylerjonesio/ffmpeg-kit-spm",
      "state" : {
        "branch" : "main",
        "revision" : "6053b0e4f8607314ff5e14e0b18fc250c0f87c9b"
      }
    },
    {
      "identity" : "injectionnext",
      "kind" : "remoteSourceControl",
      "location" : "https://github.com/johnno1962/InjectionNext.git",
      "state" : {
        "revision" : "f257a3eae921caf3f46385380716bc825c20c793",
        "version" : "1.5.4"
      }
    },
    {
      "identity" : "ituneskit",
      "kind" : "remoteSourceControl",
      "location" : "https://github.com/cisumapp/ituneskit.git",
      "state" : {
        "branch" : "main",
        "revision" : "27df9b1798d18e248b5aa6e9dcaa5d94cbc3df23"
      }
    },
    {
      "identity" : "kingfisher",
      "kind" : "remoteSourceControl",
      "location" : "https://github.com/onevcat/Kingfisher.git",
      "state" : {
        "revision" : "c152c1915f60c51e4afa0752656993ee5b3c63db",
        "version" : "8.8.1"
      }
    },
    {
      "identity" : "lyricskit",
      "kind" : "remoteSourceControl",
      "location" : "https://github.com/cisumapp/LyricsKit.git",
      "state" : {
        "branch" : "main",
        "revision" : "32c508ea8a0fdbbe616d460bcf9eba96266dccd6"
      }
    },
    {
      "identity" : "spotifysdk",
      "kind" : "remoteSourceControl",
      "location" : "https://github.com/cisumapp/SpotifySDK.git",
      "state" : {
        "branch" : "main",
        "revision" : "da0ed264c6d5283306efa17e161d2b4ed60af2c1"
      }
    },
    {
      "identity" : "tidalkit",
      "kind" : "remoteSourceControl",
      "location" : "https://github.com/cisumapp/TidalKit.git",
      "state" : {
        "branch" : "main",
        "revision" : "047ae8dd56eca0517c3597f196d6803ef1fda64d"
      }
    },
    {
      "identity" : "youtubesdk",
      "kind" : "remoteSourceControl",
      "location" : "https://github.com/cisumapp/YouTubeSDK.git",
      "state" : {
        "branch" : "main",
        "revision" : "30e7b1c54cb8747c3fc46743bc050e078e5358c1"
      }
    }
  ],
  "version" : 3
}
